
Microsoft Visual Studio Solution File, Format Version 12.00
# Visual Studio Version 17
VisualStudioVersion = 17.0.31903.59
MinimumVisualStudioVersion = 10.0.40219.1
Project("{2150E333-8FDC-42A3-9474-1A3956D46DE8}") = "src", "src", "{6C943EEF-00B9-4D97-A481-D29B39C2414D}"
EndProject
Project("{FAE04EC0-301F-11D3-BF4B-00C04F79EFBC}") = "UE4Decompiler.Core", "src\UE4Decompiler.Core\UE4Decompiler.Core.csproj", "{2119391F-C5DA-4069-9834-65D9FD41C0F4}"
EndProject
Project("{FAE04EC0-301F-11D3-BF4B-00C04F79EFBC}") = "UE4Decompiler.Cli", "src\UE4Decompiler.Cli\UE4Decompiler.Cli.csproj", "{C098B50E-958F-4911-B67E-F3CB821D1C8A}"
EndProject
Project("{FAE04EC0-301F-11D3-BF4B-00C04F79EFBC}") = "UE4Decompiler.Gui", "src\UE4Decompiler.Gui\UE4Decompiler.Gui.csproj", "{80996C16-F1BD-41CB-83B6-872230901B3C}"
EndProject
Project("{2150E333-8FDC-42A3-9474-1A3956D46DE8}") = "tests", "tests", "{36977B58-F583-4B5C-970B-6DF93A10281D}"
EndProject
Project("{FAE04EC0-301F-11D3-BF4B-00C04F79EFBC}") = "UE4Decompiler.Tests", "tests\UE4Decompiler.Tests\UE4Decompiler.Tests.csproj", "{2411244A-86EB-4339-8110-C995FC02255A}"
EndProject
Global
	GlobalSection(SolutionConfigurationPlatforms) = preSolution
		Debug|Any CPU = Debug|Any CPU
		Release|Any CPU = Release|Any CPU
	EndGlobalSection
	GlobalSection(SolutionProperties) = preSolution
		HideSolutionNode = FALSE
	EndGlobalSection
	GlobalSection(ProjectConfigurationPlatforms) = postSolution
		{2119391F-C5DA-4069-9834-65D9FD41C0F4}.Debug|Any CPU.ActiveCfg = Debug|Any CPU
		{2119391F-C5DA-4069-9834-65D9FD41C0F4}.Debug|Any CPU.Build.0 = Debug|Any CPU
		{2119391F-C5DA-4069-9834-65D9FD41C0F4}.Release|Any CPU.ActiveCfg = Release|Any CPU
		{2119391F-C5DA-4069-9834-65D9FD41C0F4}.Release|Any CPU.Build.0 = Release|Any CPU
		{C098B50E-958F-4911-B67E-F3CB821D1C8A}.Debug|Any CPU.ActiveCfg = Debug|Any CPU
		{C098B50E-958F-4911-B67E-F3CB821D1C8A}.Debug|Any CPU.Build.0 = Debug|Any CPU
		{C098B50E-958F-4911-B67E-F3CB821D1C8A}.Release|Any CPU.ActiveCfg = Release|Any CPU
		{C098B50E-958F-4911-B67E-F3CB821D1C8A}.Release|Any CPU.Build.0 = Release|Any CPU
		{80996C16-F1BD-41CB-83B6-872230901B3C}.Debug|Any CPU.ActiveCfg = Debug|Any CPU
		{80996C16-F1BD-41CB-83B6-872230901B3C}.Debug|Any CPU.Build.0 = Debug|Any CPU
		{80996C16-F1BD-41CB-83B6-872230901B3C}.Release|Any CPU.ActiveCfg = Release|Any CPU
		{80996C16-F1BD-41CB-83B6-872230901B3C}.Release|Any CPU.Build.0 = Release|Any CPU
		{2411244A-86EB-4339-8110-C995FC02255A}.Debug|Any CPU.ActiveCfg = Debug|Any CPU
		{2411244A-86EB-4339-8110-C995FC02255A}.Debug|Any CPU.Build.0 = Debug|Any CPU
		{2411244A-86EB-4339-8110-C995FC02255A}.Release|Any CPU.ActiveCfg = Release|Any CPU
		{2411244A-86EB-4339-8110-C995FC02255A}.Release|Any CPU.Build.0 = Release|Any CPU
	EndGlobalSection
	GlobalSection(NestedProjects) = preSolution
		{2119391F-C5DA-4069-9834-65D9FD41C0F4} = {6C943EEF-00B9-4D97-A481-D29B39C2414D}
		{C098B50E-958F-4911-B67E-F3CB821D1C8A} = {6C943EEF-00B9-4D97-A481-D29B39C2414D}
		{80996C16-F1BD-41CB-83B6-872230901B3C} = {6C943EEF-00B9-4D97-A481-D29B39C2414D}
		{2411244A-86EB-4339-8110-C995FC02255A} = {36977B58-F583-4B5C-970B-6DF93A10281D}
	EndGlobalSection
EndGlobal
